
Microsoft Visual Studio Solution File, Format Version 12.00
# Visual Studio Version 17
VisualStudioVersion = 17.4.33205.214
MinimumVisualStudioVersion = 10.0.40219.1
Project("{FAE04EC0-301F-11D3-BF4B-00C04F79EFBC}") = "iPad_Verwaltung", "iPad_Verwaltung\iPad_Verwaltung.csproj", "{D6ADD37E-0B04-444C-B1A1-37FB0C9EBC88}"
EndProject
Global
	GlobalSection(SolutionConfigurationPlatforms) = preSolution
		Debug|Any CPU = Debug|Any CPU
		Release|Any CPU = Release|Any CPU
	EndGlobalSection
	GlobalSection(ProjectConfigurationPlatforms) = postSolution
		{D6ADD37E-0B04-444C-B1A1-37FB0C9EBC88}.Debug|Any CPU.ActiveCfg = Debug|Any CPU
		{D6ADD37E-0B04-444C-B1A1-37FB0C9EBC88}.Debug|Any CPU.Build.0 = Debug|Any CPU
		{D6ADD37E-0B04-444C-B1A1-37FB0C9EBC88}.Release|Any CPU.ActiveCfg = Release|Any CPU
		{D6ADD37E-0B04-444C-B1A1-37FB0C9EBC88}.Release|Any CPU.Build.0 = Release|Any CPU
	EndGlobalSection
	GlobalSection(SolutionProperties) = preSolution
		HideSolutionNode = FALSE
	EndGlobalSection
	GlobalSection(ExtensibilityGlobals) = postSolution
		SolutionGuid = {C0041533-29A7-431F-BE4F-249F5F39A9E8}
	EndGlobalSection
EndGlobal
